// !$*UTF8*$!
{
	archiveVersion = 1;
	classes = {
	};
	objectVersion = 50;
	objects = {

/* Begin PBXBuildFile section */
		B47CB2ED2480F7EA0073A7D7 /* AppDelegate.swift in Sources */ = {isa = PBXBuildFile; fileRef = B47CB2EC2480F7EA0073A7D7 /* AppDelegate.swift */; };
		B47CB2EF2480F7EA0073A7D7 /* SceneDelegate.swift in Sources */ = {isa = PBXBuildFile; fileRef = B47CB2EE2480F7EA0073A7D7 /* SceneDelegate.swift */; };
		B47CB2F12480F7EA0073A7D7 /* ViewController.swift in Sources */ = {isa = PBXBuildFile; fileRef = B47CB2F02480F7EA0073A7D7 /* ViewController.swift */; };
		B47CB2F42480F7EA0073A7D7 /* Main.storyboard in Resources */ = {isa = PBXBuildFile; fileRef = B47CB2F22480F7EA0073A7D7 /* Main.storyboard */; };
		B47CB2F62480F7EB0073A7D7 /* Assets.xcassets in Resources */ = {isa = PBXBuildFile; fileRef = B47CB2F52480F7EB0073A7D7 /* Assets.xcassets */; };
		B47CB2F92480F7EB0073A7D7 /* LaunchScreen.storyboard in Resources */ = {isa = PBXBuildFile; fileRef = B47CB2F72480F7EB0073A7D7 /* LaunchScreen.storyboard */; };
		B47CB3042480F7EB0073A7D7 /* returnAPPTests.swift in Sources */ = {isa = PBXBuildFile; fileRef = B47CB3032480F7EB0073A7D7 /* returnAPPTests.swift */; };
		B47CB30F2480F7EC0073A7D7 /* returnAPPUITests.swift in Sources */ = {isa = PBXBuildFile; fileRef = B47CB30E2480F7EC0073A7D7 /* returnAPPUITests.swift */; };
		B47CB31D2480FF810073A7D7 /* WebViewController.swift in Sources */ = {isa = PBXBuildFile; fileRef = B47CB31C2480FF810073A7D7 /* WebViewController.swift */; };
/* End PBXBuildFile section */

/* Begin PBXContainerItemProxy section */
		B47CB3002480F7EB0073A7D7 /* PBXContainerItemProxy */ = {
			isa = PBXContainerItemProxy;
			containerPortal = B47CB2E12480F7EA0073A7D7 /* Project object */;
			proxyType = 1;
			remoteGlobalIDString = B47CB2E82480F7EA0073A7D7;
			remoteInfo = returnAPP;
		};
		B47CB30B2480F7EB0073A7D7 /* PBXContainerItemProxy */ = {
			isa = PBXContainerItemProxy;
			containerPortal = B47CB2E12480F7EA0073A7D7 /* Project object */;
			proxyType = 1;
			remoteGlobalIDString = B47CB2E82480F7EA0073A7D7;
			remoteInfo = returnAPP;
		};
/* End PBXContainerItemProxy section */

/* Begin PBXFileReference section */
		B47CB2E92480F7EA0073A7D7 /* returnAPP.app */ = {isa = PBXFileReference; explicitFileType = wrapper.application; includeInIndex = 0; path = returnAPP.app; sourceTree = BUILT_PRODUCTS_DIR; };
		B47CB2EC2480F7EA0073A7D7 /* AppDelegate.swift */ = {isa = PBXFileReference; lastKnownFileType = sourcecode.swift; path = AppDelegate.swift; sourceTree = "<group>"; };
		B47CB2EE2480F7EA0073A7D7 /* SceneDelegate.swift */ = {isa = PBXFileReference; lastKnownFileType = sourcecode.swift; path = SceneDelegate.swift; sourceTree = "<group>"; };
		B47CB2F02480F7EA0073A7D7 /* ViewController.swift */ = {isa = PBXFileReference; lastKnownFileType = sourcecode.swift; path = ViewController.swift; sourceTree = "<group>"; };
		B47CB2F32480F7EA0073A7D7 /* Base */ = {isa = PBXFileReference; lastKnownFileType = file.storyboard; name = Base; path = Base.lproj/Main.storyboard; sourceTree = "<group>"; };
		B47CB2F52480F7EB0073A7D7 /* Assets.xcassets */ = {isa = PBXFileReference; lastKnownFileType = folder.assetcatalog; path = Assets.xcassets; sourceTree = "<group>"; };
		B47CB2F82480F7EB0073A7D7 /* Base */ = {isa = PBXFileReference; lastKnownFileType = file.storyboard; name = Base; path = Base.lproj/LaunchScreen.storyboard; sourceTree = "<group>"; };
		B47CB2FA2480F7EB0073A7D7 /* Info.plist */ = {isa = PBXFileReference; lastKnownFileType = text.plist.xml; path = Info.plist; sourceTree = "<group>"; };
		B47CB2FF2480F7EB0073A7D7 /* returnAPPTests.xctest */ = {isa = PBXFileReference; explicitFileType = wrapper.cfbundle; includeInIndex = 0; path = returnAPPTests.xctest; sourceTree = BUILT_PRODUCTS_DIR; };
		B47CB3032480F7EB0073A7D7 /* returnAPPTests.swift */ = {isa = PBXFileReference; lastKnownFileType = sourcecode.swift; path = returnAPPTests.swift; sourceTree = "<group>"; };
		B47CB3052480F7EB0073A7D7 /* Info.plist */ = {isa = PBXFileReference; lastKnownFileType = text.plist.xml; path = Info.plist; sourceTree = "<group>"; };
		B47CB30A2480F7EB0073A7D7 /* returnAPPUITests.xctest */ = {isa = PBXFileReference; explicitFileType = wrapper.cfbundle; includeInIndex = 0; path = returnAPPUITests.xctest; sourceTree = BUILT_PRODUCTS_DIR; };
		B47CB30E2480F7EC0073A7D7 /* returnAPPUITests.swift */ = {isa = PBXFileReference; lastKnownFileType = sourcecode.swift; path = returnAPPUITests.swift; sourceTree = "<group>"; };
		B47CB3102480F7EC0073A7D7 /* Info.plist */ = {isa = PBXFileReference; lastKnownFileType = text.plist.xml; path = Info.plist; sourceTree = "<group>"; };
		B47CB31C2480FF810073A7D7 /* WebViewController.swift */ = {isa = PBXFileReference; lastKnownFileType = sourcecode.swift; path = WebViewController.swift; sourceTree = "<group>"; };
/* End PBXFileReference section */

/* Begin PBXFrameworksBuildPhase section */
		B47CB2E62480F7EA0073A7D7 /* Frameworks */ = {
			isa = PBXFrameworksBuildPhase;
			buildActionMask = 2147483647;
			files = (
			);
			runOnlyForDeploymentPostprocessing = 0;
		};
		B47CB2FC2480F7EB0073A7D7 /* Frameworks */ = {
			isa = PBXFrameworksBuildPhase;
			buildActionMask = 2147483647;
			files = (
			);
			runOnlyForDeploymentPostprocessing = 0;
		};
		B47CB3072480F7EB0073A7D7 /* Frameworks */ = {
			isa = PBXFrameworksBuildPhase;
			buildActionMask = 2147483647;
			files = (
			);
			runOnlyForDeploymentPostprocessing = 0;
		};
/* End PBXFrameworksBuildPhase section */

/* Begin PBXGroup section */
		B47CB2E02480F7EA0073A7D7 = {
			isa = PBXGroup;
			children = (
				B47CB2EB2480F7EA0073A7D7 /* returnAPP */,
				B47CB3022480F7EB0073A7D7 /* returnAPPTests */,
				B47CB30D2480F7EB0073A7D7 /* returnAPPUITests */,
				B47CB2EA2480F7EA0073A7D7 /* Products */,
			);
			sourceTree = "<group>";
		};
		B47CB2EA2480F7EA0073A7D7 /* Products */ = {
			isa = PBXGroup;
			children = (
				B47CB2E92480F7EA0073A7D7 /* returnAPP.app */,
				B47CB2FF2480F7EB0073A7D7 /* returnAPPTests.xctest */,
				B47CB30A2480F7EB0073A7D7 /* returnAPPUITests.xctest */,
			);
			name = Products;
			sourceTree = "<group>";
		};
		B47CB2EB2480F7EA0073A7D7 /* returnAPP */ = {
			isa = PBXGroup;
			children = (
				B47CB2EC2480F7EA0073A7D7 /* AppDelegate.swift */,
				B47CB2EE2480F7EA0073A7D7 /* SceneDelegate.swift */,
				B47CB2F02480F7EA0073A7D7 /* ViewController.swift */,
				B47CB2F22480F7EA0073A7D7 /* Main.storyboard */,
				B47CB2F52480F7EB0073A7D7 /* Assets.xcassets */,
				B47CB2F72480F7EB0073A7D7 /* LaunchScreen.storyboard */,
				B47CB2FA2480F7EB0073A7D7 /* Info.plist */,
				B47CB31C2480FF810073A7D7 /* WebViewController.swift */,
			);
			path = returnAPP;
			sourceTree = "<group>";
		};
		B47CB3022480F7EB0073A7D7 /* returnAPPTests */ = {
			isa = PBXGroup;
			children = (
				B47CB3032480F7EB0073A7D7 /* returnAPPTests.swift */,
				B47CB3052480F7EB0073A7D7 /* Info.plist */,
			);
			path = returnAPPTests;
			sourceTree = "<group>";
		};
		B47CB30D2480F7EB0073A7D7 /* returnAPPUITests */ = {
			isa = PBXGroup;
			children = (
				B47CB30E2480F7EC0073A7D7 /* returnAPPUITests.swift */,
				B47CB3102480F7EC0073A7D7 /* Info.plist */,
			);
			path = returnAPPUITests;
			sourceTree = "<group>";
		};
/* End PBXGroup section */

/* Begin PBXNativeTarget section */
		B47CB2E82480F7EA0073A7D7 /* returnAPP */ = {
			isa = PBXNativeTarget;
			buildConfigurationList = B47CB3132480F7EC0073A7D7 /* Build configuration list for PBXNativeTarget "returnAPP" */;
			buildPhases = (
				B47CB2E52480F7EA0073A7D7 /* Sources */,
				B47CB2E62480F7EA0073A7D7 /* Frameworks */,
				B47CB2E72480F7EA0073A7D7 /* Resources */,
			);
			buildRules = (
			);
			dependencies = (
			);
			name = returnAPP;
			productName = returnAPP;
			productReference = B47CB2E92480F7EA0073A7D7 /* returnAPP.app */;
			productType = "com.apple.product-type.application";
		};
		B47CB2FE2480F7EB0073A7D7 /* returnAPPTests */ = {
			isa = PBXNativeTarget;
			buildConfigurationList = B47CB3162480F7EC0073A7D7 /* Build configuration list for PBXNativeTarget "returnAPPTests" */;
			buildPhases = (
				B47CB2FB2480F7EB0073A7D7 /* Sources */,
				B47CB2FC2480F7EB0073A7D7 /* Frameworks */,
				B47CB2FD2480F7EB0073A7D7 /* Resources */,
			);
			buildRules = (
			);
			dependencies = (
				B47CB3012480F7EB0073A7D7 /* PBXTargetDependency */,
			);
			name = returnAPPTests;
			productName = returnAPPTests;
			productReference = B47CB2FF2480F7EB0073A7D7 /* returnAPPTests.xctest */;
			productType = "com.apple.product-type.bundle.unit-test";
		};
		B47CB3092480F7EB0073A7D7 /* returnAPPUITests */ = {
			isa = PBXNativeTarget;
			buildConfigurationList = B47CB3192480F7EC0073A7D7 /* Build configuration list for PBXNativeTarget "returnAPPUITests" */;
			buildPhases = (
				B47CB3062480F7EB0073A7D7 /* Sources */,
				B47CB3072480F7EB0073A7D7 /* Frameworks */,
				B47CB3082480F7EB0073A7D7 /* Resources */,
			);
			buildRules = (
			);
			dependencies = (
				B47CB30C2480F7EB0073A7D7 /* PBXTargetDependency */,
			);
			name = returnAPPUITests;
			productName = returnAPPUITests;
			productReference = B47CB30A2480F7EB0073A7D7 /* returnAPPUITests.xctest */;
			productType = "com.apple.product-type.bundle.ui-testing";
		};
/* End PBXNativeTarget section */

/* Begin PBXProject section */
		B47CB2E12480F7EA0073A7D7 /* Project object */ = {
			isa = PBXProject;
			attributes = {
				LastSwiftUpdateCheck = 1150;
				LastUpgradeCheck = 1150;
				ORGANIZATIONNAME = DEAUX;
				TargetAttributes = {
					B47CB2E82480F7EA0073A7D7 = {
						CreatedOnToolsVersion = 11.5;
					};
					B47CB2FE2480F7EB0073A7D7 = {
						CreatedOnToolsVersion = 11.5;
						TestTargetID = B47CB2E82480F7EA0073A7D7;
					};
					B47CB3092480F7EB0073A7D7 = {
						CreatedOnToolsVersion = 11.5;
						TestTargetID = B47CB2E82480F7EA0073A7D7;
					};
				};
			};
			buildConfigurationList = B47CB2E42480F7EA0073A7D7 /* Build configuration list for PBXProject "returnAPP" */;
			compatibilityVersion = "Xcode 9.3";
			developmentRegion = en;
			hasScannedForEncodings = 0;
			knownRegions = (
				en,
				Base,
			);
			mainGroup = B47CB2E02480F7EA0073A7D7;
			productRefGroup = B47CB2EA2480F7EA0073A7D7 /* Products */;
			projectDirPath = "";
			projectRoot = "";
			targets = (
				B47CB2E82480F7EA0073A7D7 /* returnAPP */,
				B47CB2FE2480F7EB0073A7D7 /* returnAPPTests */,
				B47CB3092480F7EB0073A7D7 /* returnAPPUITests */,
			);
		};
/* End PBXProject section */

/* Begin PBXResourcesBuildPhase section */
		B47CB2E72480F7EA0073A7D7 /* Resources */ = {
			isa = PBXResourcesBuildPhase;
			buildActionMask = 2147483647;
			files = (
				B47CB2F92480F7EB0073A7D7 /* LaunchScreen.storyboard in Resources */,
				B47CB2F62480F7EB0073A7D7 /* Assets.xcassets in Resources */,
				B47CB2F42480F7EA0073A7D7 /* Main.storyboard in Resources */,
			);
			runOnlyForDeploymentPostprocessing = 0;
		};
		B47CB2FD2480F7EB0073A7D7 /* Resources */ = {
			isa = PBXResourcesBuildPhase;
			buildActionMask = 2147483647;
			files = (
			);
			runOnlyForDeploymentPostprocessing = 0;
		};
		B47CB3082480F7EB0073A7D7 /* Resources */ = {
			isa = PBXResourcesBuildPhase;
			buildActionMask = 2147483647;
			files = (
			);
			runOnlyForDeploymentPostprocessing = 0;
		};
/* End PBXResourcesBuildPhase section */

/* Begin PBXSourcesBuildPhase section */
		B47CB2E52480F7EA0073A7D7 /* Sources */ = {
			isa = PBXSourcesBuildPhase;
			buildActionMask = 2147483647;
			files = (
				B47CB2F12480F7EA0073A7D7 /* ViewController.swift in Sources */,
				B47CB2ED2480F7EA0073A7D7 /* AppDelegate.swift in Sources */,
				B47CB2EF2480F7EA0073A7D7 /* SceneDelegate.swift in Sources */,
				B47CB31D2480FF810073A7D7 /* WebViewController.swift in Sources */,
			);
			runOnlyForDeploymentPostprocessing = 0;
		};
		B47CB2FB2480F7EB0073A7D7 /* Sources */ = {
			isa = PBXSourcesBuildPhase;
			buildActionMask = 2147483647;
			files = (
				B47CB3042480F7EB0073A7D7 /* returnAPPTests.swift in Sources */,
			);
			runOnlyForDeploymentPostprocessing = 0;
		};
		B47CB3062480F7EB0073A7D7 /* Sources */ = {
			isa = PBXSourcesBuildPhase;
			buildActionMask = 2147483647;
			files = (
				B47CB30F2480F7EC0073A7D7 /* returnAPPUITests.swift in Sources */,
			);
			runOnlyForDeploymentPostprocessing = 0;
		};
/* End PBXSourcesBuildPhase section */

/* Begin PBXTargetDependency section */
		B47CB3012480F7EB0073A7D7 /* PBXTargetDependency */ = {
			isa = PBXTargetDependency;
			target = B47CB2E82480F7EA0073A7D7 /* returnAPP */;
			targetProxy = B47CB3002480F7EB0073A7D7 /* PBXContainerItemProxy */;
		};
		B47CB30C2480F7EB0073A7D7 /* PBXTargetDependency */ = {
			isa = PBXTargetDependency;
			target = B47CB2E82480F7EA0073A7D7 /* returnAPP */;
			targetProxy = B47CB30B2480F7EB0073A7D7 /* PBXContainerItemProxy */;
		};
/* End PBXTargetDependency section */

/* Begin PBXVariantGroup section */
		B47CB2F22480F7EA0073A7D7 /* Main.storyboard */ = {
			isa = PBXVariantGroup;
			children = (
				B47CB2F32480F7EA0073A7D7 /* Base */,
			);
			name = Main.storyboard;
			sourceTree = "<group>";
		};
		B47CB2F72480F7EB0073A7D7 /* LaunchScreen.storyboard */ = {
			isa = PBXVariantGroup;
			children = (
				B47CB2F82480F7EB0073A7D7 /* Base */,
			);
			name = LaunchScreen.storyboard;
			sourceTree = "<group>";
		};
/* End PBXVariantGroup section */

/* Begin XCBuildConfiguration section */
		B47CB3112480F7EC0073A7D7 /* Debug */ = {
			isa = XCBuildConfiguration;
			buildSettings = {
				ALWAYS_SEARCH_USER_PATHS = NO;
				CLANG_ANALYZER_NONNULL = YES;
				CLANG_ANALYZER_NUMBER_OBJECT_CONVERSION = YES_AGGRESSIVE;
				CLANG_CXX_LANGUAGE_STANDARD = "gnu++14";
				CLANG_CXX_LIBRARY = "libc++";
				CLANG_ENABLE_MODULES = YES;
				CLANG_ENABLE_OBJC_ARC = YES;
				CLANG_ENABLE_OBJC_WEAK = YES;
				CLANG_WARN_BLOCK_CAPTURE_AUTORELEASING = YES;
				CLANG_WARN_BOOL_CONVERSION = YES;
				CLANG_WARN_COMMA = YES;
				CLANG_WARN_CONSTANT_CONVERSION = YES;
				CLANG_WARN_DEPRECATED_OBJC_IMPLEMENTATIONS = YES;
				CLANG_WARN_DIRECT_OBJC_ISA_USAGE = YES_ERROR;
				CLANG_WARN_DOCUMENTATION_COMMENTS = YES;
				CLANG_WARN_EMPTY_BODY = YES;
				CLANG_WARN_ENUM_CONVERSION = YES;
				CLANG_WARN_INFINITE_RECURSION = YES;
				CLANG_WARN_INT_CONVERSION = YES;
				CLANG_WARN_NON_LITERAL_NULL_CONVERSION = YES;
				CLANG_WARN_OBJC_IMPLICIT_RETAIN_SELF = YES;
				CLANG_WARN_OBJC_LITERAL_CONVERSION = YES;
				CLANG_WARN_OBJC_ROOT_CLASS = YES_ERROR;
				CLANG_WARN_RANGE_LOOP_ANALYSIS = YES;
				CLANG_WARN_STRICT_PROTOTYPES = YES;
				CLANG_WARN_SUSPICIOUS_MOVE = YES;
				CLANG_WARN_UNGUARDED_AVAILABILITY = YES_AGGRESSIVE;
				CLANG_WARN_UNREACHABLE_CODE = YES;
				CLANG_WARN__DUPLICATE_METHOD_MATCH = YES;
				COPY_PHASE_STRIP = NO;
				DEBUG_INFORMATION_FORMAT = dwarf;
				ENABLE_STRICT_OBJC_MSGSEND = YES;
				ENABLE_TESTABILITY = YES;
				GCC_C_LANGUAGE_STANDARD = gnu11;
				GCC_DYNAMIC_NO_PIC = NO;
				GCC_NO_COMMON_BLOCKS = YES;
				GCC_OPTIMIZATION_LEVEL = 0;
				GCC_PREPROCESSOR_DEFINITIONS = (
					"DEBUG=1",
					"$(inherited)",
				);
				GCC_WARN_64_TO_32_BIT_CONVERSION = YES;
				GCC_WARN_ABOUT_RETURN_TYPE = YES_ERROR;
				GCC_WARN_UNDECLARED_SELECTOR = YES;
				GCC_WARN_UNINITIALIZED_AUTOS = YES_AGGRESSIVE;
				GCC_WARN_UNUSED_FUNCTION = YES;
				GCC_WARN_UNUSED_VARIABLE = YES;
				IPHONEOS_DEPLOYMENT_TARGET = 13.5;
				MTL_ENABLE_DEBUG_INFO = INCLUDE_SOURCE;
				MTL_FAST_MATH = YES;
				ONLY_ACTIVE_ARCH = YES;
				SDKROOT = iphoneos;
				SWIFT_ACTIVE_COMPILATION_CONDITIONS = DEBUG;
				SWIFT_OPTIMIZATION_LEVEL = "-Onone";
			};
			name = Debug;
		};
		B47CB3122480F7EC0073A7D7 /* Release */ = {
			isa = XCBuildConfiguration;
			buildSettings = {
				ALWAYS_SEARCH_USER_PATHS = NO;
				CLANG_ANALYZER_NONNULL = YES;
				CLANG_ANALYZER_NUMBER_OBJECT_CONVERSION = YES_AGGRESSIVE;
				CLANG_CXX_LANGUAGE_STANDARD = "gnu++14";
				CLANG_CXX_LIBRARY = "libc++";
				CLANG_ENABLE_MODULES = YES;
				CLANG_ENABLE_OBJC_ARC = YES;
				CLANG_ENABLE_OBJC_WEAK = YES;
				CLANG_WARN_BLOCK_CAPTURE_AUTORELEASING = YES;
				CLANG_WARN_BOOL_CONVERSION = YES;
				CLANG_WARN_COMMA = YES;
				CLANG_WARN_CONSTANT_CONVERSION = YES;
				CLANG_WARN_DEPRECATED_OBJC_IMPLEMENTATIONS = YES;
				CLANG_WARN_DIRECT_OBJC_ISA_USAGE = YES_ERROR;
				CLANG_WARN_DOCUMENTATION_COMMENTS = YES;
				CLANG_WARN_EMPTY_BODY = YES;
				CLANG_WARN_ENUM_CONVERSION = YES;
				CLANG_WARN_INFINITE_RECURSION = YES;
				CLANG_WARN_INT_CONVERSION = YES;
				CLANG_WARN_NON_LITERAL_NULL_CONVERSION = YES;
				CLANG_WARN_OBJC_IMPLICIT_RETAIN_SELF = YES;
				CLANG_WARN_OBJC_LITERAL_CONVERSION = YES;
				CLANG_WARN_OBJC_ROOT_CLASS = YES_ERROR;
				CLANG_WARN_RANGE_LOOP_ANALYSIS = YES;
				CLANG_WARN_STRICT_PROTOTYPES = YES;
				CLANG_WARN_SUSPICIOUS_MOVE = YES;
				CLANG_WARN_UNGUARDED_AVAILABILITY = YES_AGGRESSIVE;
				CLANG_WARN_UNREACHABLE_CODE = YES;
				CLANG_WARN__DUPLICATE_METHOD_MATCH = YES;
				COPY_PHASE_STRIP = NO;
				DEBUG_INFORMATION_FORMAT = "dwarf-with-dsym";
				ENABLE_NS_ASSERTIONS = NO;
				ENABLE_STRICT_OBJC_MSGSEND = YES;
				GCC_C_LANGUAGE_STANDARD = gnu11;
				GCC_NO_COMMON_BLOCKS = YES;
				GCC_WARN_64_TO_32_BIT_CONVERSION = YES;
				GCC_WARN_ABOUT_RETURN_TYPE = YES_ERROR;
				GCC_WARN_UNDECLARED_SELECTOR = YES;
				GCC_WARN_UNINITIALIZED_AUTOS = YES_AGGRESSIVE;
				GCC_WARN_UNUSED_FUNCTION = YES;
				GCC_WARN_UNUSED_VARIABLE = YES;
				IPHONEOS_DEPLOYMENT_TARGET = 13.5;
				MTL_ENABLE_DEBUG_INFO = NO;
				MTL_FAST_MATH = YES;
				SDKROOT = iphoneos;
				SWIFT_COMPILATION_MODE = wholemodule;
				SWIFT_OPTIMIZATION_LEVEL = "-O";
				VALIDATE_PRODUCT = YES;
			};
			name = Release;
		};
		B47CB3142480F7EC0073A7D7 /* Debug */ = {
			isa = XCBuildConfiguration;
			buildSettings = {
				ASSETCATALOG_COMPILER_APPICON_NAME = AppIcon;
				CODE_SIGN_STYLE = Automatic;
				INFOPLIST_FILE = returnAPP/Info.plist;
				LD_RUNPATH_SEARCH_PATHS = (
					"$(inherited)",
					"@executable_path/Frameworks",
				);
				PRODUCT_BUNDLE_IDENTIFIER = DEAUX.returnAPP;
				PRODUCT_NAME = "$(TARGET_NAME)";
				SWIFT_VERSION = 5.0;
				TARGETED_DEVICE_FAMILY = "1,2";
			};
			name = Debug;
		};
		B47CB3152480F7EC0073A7D7 /* Release */ = {
			isa = XCBuildConfiguration;
			buildSettings = {
				ASSETCATALOG_COMPILER_APPICON_NAME = AppIcon;
				CODE_SIGN_STYLE = Automatic;
				INFOPLIST_FILE = returnAPP/Info.plist;
				LD_RUNPATH_SEARCH_PATHS = (
					"$(inherited)",
					"@executable_path/Frameworks",
				);
				PRODUCT_BUNDLE_IDENTIFIER = DEAUX.returnAPP;
				PRODUCT_NAME = "$(TARGET_NAME)";
				SWIFT_VERSION = 5.0;
				TARGETED_DEVICE_FAMILY = "1,2";
			};
			name = Release;
		};
		B47CB3172480F7EC0073A7D7 /* Debug */ = {
			isa = XCBuildConfiguration;
			buildSettings = {
				ALWAYS_EMBED_SWIFT_STANDARD_LIBRARIES = YES;
				BUNDLE_LOADER = "$(TEST_HOST)";
				CODE_SIGN_STYLE = Automatic;
				INFOPLIST_FILE = returnAPPTests/Info.plist;
				IPHONEOS_DEPLOYMENT_TARGET = 13.5;
				LD_RUNPATH_SEARCH_PATHS = (
					"$(inherited)",
					"@executable_path/Frameworks",
					"@loader_path/Frameworks",
				);
				PRODUCT_BUNDLE_IDENTIFIER = DEAUX.returnAPPTests;
				PRODUCT_NAME = "$(TARGET_NAME)";
				SWIFT_VERSION = 5.0;
				TARGETED_DEVICE_FAMILY = "1,2";
				TEST_HOST = "$(BUILT_PRODUCTS_DIR)/returnAPP.app/returnAPP";
			};
			name = Debug;
		};
		B47CB3182480F7EC0073A7D7 /* Release */ = {
			isa = XCBuildConfiguration;
			buildSettings = {
				ALWAYS_EMBED_SWIFT_STANDARD_LIBRARIES = YES;
				BUNDLE_LOADER = "$(TEST_HOST)";
				CODE_SIGN_STYLE = Automatic;
				INFOPLIST_FILE = returnAPPTests/Info.plist;
				IPHONEOS_DEPLOYMENT_TARGET = 13.5;
				LD_RUNPATH_SEARCH_PATHS = (
					"$(inherited)",
					"@executable_path/Frameworks",
					"@loader_path/Frameworks",
				);
				PRODUCT_BUNDLE_IDENTIFIER = DEAUX.returnAPPTests;
				PRODUCT_NAME = "$(TARGET_NAME)";
				SWIFT_VERSION = 5.0;
				TARGETED_DEVICE_FAMILY = "1,2";
				TEST_HOST = "$(BUILT_PRODUCTS_DIR)/returnAPP.app/returnAPP";
			};
			name = Release;
		};
		B47CB31A2480F7EC0073A7D7 /* Debug */ = {
			isa = XCBuildConfiguration;
			buildSettings = {
				ALWAYS_EMBED_SWIFT_STANDARD_LIBRARIES = YES;
				CODE_SIGN_STYLE = Automatic;
				INFOPLIST_FILE = returnAPPUITests/Info.plist;
				LD_RUNPATH_SEARCH_PATHS = (
					"$(inherited)",
					"@executable_path/Frameworks",
					"@loader_path/Frameworks",
				);
				PRODUCT_BUNDLE_IDENTIFIER = DEAUX.returnAPPUITests;
				PRODUCT_NAME = "$(TARGET_NAME)";
				SWIFT_VERSION = 5.0;
				TARGETED_DEVICE_FAMILY = "1,2";
				TEST_TARGET_NAME = returnAPP;
			};
			name = Debug;
		};
		B47CB31B2480F7EC0073A7D7 /* Release */ = {
			isa = XCBuildConfiguration;
			buildSettings = {
				ALWAYS_EMBED_SWIFT_STANDARD_LIBRARIES = YES;
				CODE_SIGN_STYLE = Automatic;
				INFOPLIST_FILE = returnAPPUITests/Info.plist;
				LD_RUNPATH_SEARCH_PATHS = (
					"$(inherited)",
					"@executable_path/Frameworks",
					"@loader_path/Frameworks",
				);
				PRODUCT_BUNDLE_IDENTIFIER = DEAUX.returnAPPUITests;
				PRODUCT_NAME = "$(TARGET_NAME)";
				SWIFT_VERSION = 5.0;
				TARGETED_DEVICE_FAMILY = "1,2";
				TEST_TARGET_NAME = returnAPP;
			};
			name = Release;
		};
/* End XCBuildConfiguration section */

/* Begin XCConfigurationList section */
		B47CB2E42480F7EA0073A7D7 /* Build configuration list for PBXProject "returnAPP" */ = {
			isa = XCConfigurationList;
			buildConfigurations = (
				B47CB3112480F7EC0073A7D7 /* Debug */,
				B47CB3122480F7EC0073A7D7 /* Release */,
			);
			defaultConfigurationIsVisible = 0;
			defaultConfigurationName = Release;
		};
		B47CB3132480F7EC0073A7D7 /* Build configuration list for PBXNativeTarget "returnAPP" */ = {
			isa = XCConfigurationList;
			buildConfigurations = (
				B47CB3142480F7EC0073A7D7 /* Debug */,
				B47CB3152480F7EC0073A7D7 /* Release */,
			);
			defaultConfigurationIsVisible = 0;
			defaultConfigurationName = Release;
		};
		B47CB3162480F7EC0073A7D7 /* Build configuration list for PBXNativeTarget "returnAPPTests" */ = {
			isa = XCConfigurationList;
			buildConfigurations = (
				B47CB3172480F7EC0073A7D7 /* Debug */,
				B47CB3182480F7EC0073A7D7 /* Release */,
			);
			defaultConfigurationIsVisible = 0;
			defaultConfigurationName = Release;
		};
		B47CB3192480F7EC0073A7D7 /* Build configuration list for PBXNativeTarget "returnAPPUITests" */ = {
			isa = XCConfigurationList;
			buildConfigurations = (
				B47CB31A2480F7EC0073A7D7 /* Debug */,
				B47CB31B2480F7EC0073A7D7 /* Release */,
			);
			defaultConfigurationIsVisible = 0;
			defaultConfigurationName = Release;
		};
/* End XCConfigurationList section */
	};
	rootObject = B47CB2E12480F7EA0073A7D7 /* Project object */;
}
